
Microsoft Visual Studio Solution File, Format Version 12.00
# Visual Studio Version 18
VisualStudioVersion = 18.7.11911.148
MinimumVisualStudioVersion = 10.0.40219.1
Project("{2150E333-8FDC-42A3-9474-1A3956D46DE8}") = "src", "src", "{BE9DDFC4-4455-48A1-92AC-AD54239D6F50}"
EndProject
Project("{9A19103F-16F7-4668-BE54-9A1E7A4F7556}") = "Fina.Api", "src\Fina.Api\Fina.Api.csproj", "{9C623045-1BC0-4E0C-970E-C66DDDBC938E}"
EndProject
Project("{9A19103F-16F7-4668-BE54-9A1E7A4F7556}") = "Fina.Core", "src\Fina.Core\Fina.Core.csproj", "{2364AB4B-DD93-4140-AE14-7F9AB84C3343}"
EndProject
Project("{2150E333-8FDC-42A3-9474-1A3956D46DE8}") = "resources", "resources", "{02EA681E-C7D8-13C7-8484-4AC65E1B71E8}"
EndProject
Project("{FAE04EC0-301F-11D3-BF4B-00C04F79EFBC}") = "Fina.Api.Tests", "src\Fina.Api.Tests\Fina.Api.Tests.csproj", "{3FAC1D84-D614-26AD-E863-4638A6D5C7FE}"
EndProject
Project("{2150E333-8FDC-42A3-9474-1A3956D46DE8}") = "tests", "tests", "{259AA9CE-B117-4A77-8AEC-9CD4C91479BB}"
EndProject
Global
	GlobalSection(SolutionConfigurationPlatforms) = preSolution
		Debug|Any CPU = Debug|Any CPU
		Release|Any CPU = Release|Any CPU
	EndGlobalSection
	GlobalSection(ProjectConfigurationPlatforms) = postSolution
		{9C623045-1BC0-4E0C-970E-C66DDDBC938E}.Debug|Any CPU.ActiveCfg = Debug|Any CPU
		{9C623045-1BC0-4E0C-970E-C66DDDBC938E}.Debug|Any CPU.Build.0 = Debug|Any CPU
		{9C623045-1BC0-4E0C-970E-C66DDDBC938E}.Release|Any CPU.ActiveCfg = Release|Any CPU
		{9C623045-1BC0-4E0C-970E-C66DDDBC938E}.Release|Any CPU.Build.0 = Release|Any CPU
		{2364AB4B-DD93-4140-AE14-7F9AB84C3343}.Debug|Any CPU.ActiveCfg = Debug|Any CPU
		{2364AB4B-DD93-4140-AE14-7F9AB84C3343}.Debug|Any CPU.Build.0 = Debug|Any CPU
		{2364AB4B-DD93-4140-AE14-7F9AB84C3343}.Release|Any CPU.ActiveCfg = Release|Any CPU
		{2364AB4B-DD93-4140-AE14-7F9AB84C3343}.Release|Any CPU.Build.0 = Release|Any CPU
		{3FAC1D84-D614-26AD-E863-4638A6D5C7FE}.Debug|Any CPU.ActiveCfg = Debug|Any CPU
		{3FAC1D84-D614-26AD-E863-4638A6D5C7FE}.Debug|Any CPU.Build.0 = Debug|Any CPU
		{3FAC1D84-D614-26AD-E863-4638A6D5C7FE}.Release|Any CPU.ActiveCfg = Release|Any CPU
		{3FAC1D84-D614-26AD-E863-4638A6D5C7FE}.Release|Any CPU.Build.0 = Release|Any CPU
	EndGlobalSection
	GlobalSection(SolutionProperties) = preSolution
		HideSolutionNode = FALSE
	EndGlobalSection
	GlobalSection(NestedProjects) = preSolution
		{9C623045-1BC0-4E0C-970E-C66DDDBC938E} = {BE9DDFC4-4455-48A1-92AC-AD54239D6F50}
		{2364AB4B-DD93-4140-AE14-7F9AB84C3343} = {BE9DDFC4-4455-48A1-92AC-AD54239D6F50}
		{3FAC1D84-D614-26AD-E863-4638A6D5C7FE} = {259AA9CE-B117-4A77-8AEC-9CD4C91479BB}
	EndGlobalSection
	GlobalSection(ExtensibilityGlobals) = postSolution
		SolutionGuid = {A8A2F2BD-EA02-4EBA-BC9C-23B22486374F}
	EndGlobalSection
EndGlobal
